
Microsoft Visual Studio Solution File, Format Version 12.00
# Visual Studio Version 16
VisualStudioVersion = 16.0.29911.84
MinimumVisualStudioVersion = 10.0.40219.1
Project("{FAE04EC0-301F-11D3-BF4B-00C04F79EFBC}") = "Telefon Rehber Uygulamasi", "Telefon Rehber Uygulamasi\Telefon Rehber Uygulamasi.csproj", "{43AF9057-4CB2-405B-8C04-FA2875598399}"
EndProject
Global
	GlobalSection(SolutionConfigurationPlatforms) = preSolution
		Debug|Any CPU = Debug|Any CPU
		Release|Any CPU = Release|Any CPU
	EndGlobalSection
	GlobalSection(ProjectConfigurationPlatforms) = postSolution
		{43AF9057-4CB2-405B-8C04-FA2875598399}.Debug|Any CPU.ActiveCfg = Debug|Any CPU
		{43AF9057-4CB2-405B-8C04-FA2875598399}.Debug|Any CPU.Build.0 = Debug|Any CPU
		{43AF9057-4CB2-405B-8C04-FA2875598399}.Release|Any CPU.ActiveCfg = Release|Any CPU
		{43AF9057-4CB2-405B-8C04-FA2875598399}.Release|Any CPU.Build.0 = Release|Any CPU
	EndGlobalSection
	GlobalSection(SolutionProperties) = preSolution
		HideSolutionNode = FALSE
	EndGlobalSection
	GlobalSection(ExtensibilityGlobals) = postSolution
		SolutionGuid = {951A266B-CA34-485A-987A-B3680657650A}
	EndGlobalSection
EndGlobal
